
Microsoft Visual Studio Solution File, Format Version 12.00
# Visual Studio Version 16
VisualStudioVersion = 16.0.33328.57
MinimumVisualStudioVersion = 10.0.40219.1
Project("{FAE04EC0-301F-11D3-BF4B-00C04F79EFBC}") = "Project", "Project\Project.csproj", "{4544A0BD-A2D9-4883-9B78-EF59210D0B1A}"
EndProject
Project("{FAE04EC0-301F-11D3-BF4B-00C04F79EFBC}") = "Admin", "Admin\Admin.csproj", "{F7519E9F-EF0F-4E34-8003-EA381563F327}"
EndProject
Project("{FAE04EC0-301F-11D3-BF4B-00C04F79EFBC}") = "Users", "Users\Users.csproj", "{8F25E0A9-27E5-4553-9992-B32AB1E394A7}"
EndProject
Project("{FAE04EC0-301F-11D3-BF4B-00C04F79EFBC}") = "Stock", "Stock\Stock.csproj", "{B0DD858A-D7CA-4F95-B4BB-6E88EE553024}"
EndProject
Project("{FAE04EC0-301F-11D3-BF4B-00C04F79EFBC}") = "HomePage", "HomePage\HomePage.csproj", "{8E7DCDE5-46DE-4BCF-8A41-AA143AD3CADF}"
EndProject
Global
	GlobalSection(SolutionConfigurationPlatforms) = preSolution
		Debug|Any CPU = Debug|Any CPU
		Release|Any CPU = Release|Any CPU
	EndGlobalSection
	GlobalSection(ProjectConfigurationPlatforms) = postSolution
		{4544A0BD-A2D9-4883-9B78-EF59210D0B1A}.Debug|Any CPU.ActiveCfg = Debug|Any CPU
		{4544A0BD-A2D9-4883-9B78-EF59210D0B1A}.Debug|Any CPU.Build.0 = Debug|Any CPU
		{4544A0BD-A2D9-4883-9B78-EF59210D0B1A}.Release|Any CPU.ActiveCfg = Release|Any CPU
		{4544A0BD-A2D9-4883-9B78-EF59210D0B1A}.Release|Any CPU.Build.0 = Release|Any CPU
		{F7519E9F-EF0F-4E34-8003-EA381563F327}.Debug|Any CPU.ActiveCfg = Debug|Any CPU
		{F7519E9F-EF0F-4E34-8003-EA381563F327}.Debug|Any CPU.Build.0 = Debug|Any CPU
		{F7519E9F-EF0F-4E34-8003-EA381563F327}.Release|Any CPU.ActiveCfg = Release|Any CPU
		{F7519E9F-EF0F-4E34-8003-EA381563F327}.Release|Any CPU.Build.0 = Release|Any CPU
		{8F25E0A9-27E5-4553-9992-B32AB1E394A7}.Debug|Any CPU.ActiveCfg = Debug|Any CPU
		{8F25E0A9-27E5-4553-9992-B32AB1E394A7}.Debug|Any CPU.Build.0 = Debug|Any CPU
		{8F25E0A9-27E5-4553-9992-B32AB1E394A7}.Release|Any CPU.ActiveCfg = Release|Any CPU
		{8F25E0A9-27E5-4553-9992-B32AB1E394A7}.Release|Any CPU.Build.0 = Release|Any CPU
		{B0DD858A-D7CA-4F95-B4BB-6E88EE553024}.Debug|Any CPU.ActiveCfg = Debug|Any CPU
		{B0DD858A-D7CA-4F95-B4BB-6E88EE553024}.Debug|Any CPU.Build.0 = Debug|Any CPU
		{B0DD858A-D7CA-4F95-B4BB-6E88EE553024}.Release|Any CPU.ActiveCfg = Release|Any CPU
		{B0DD858A-D7CA-4F95-B4BB-6E88EE553024}.Release|Any CPU.Build.0 = Release|Any CPU
		{8E7DCDE5-46DE-4BCF-8A41-AA143AD3CADF}.Debug|Any CPU.ActiveCfg = Debug|Any CPU
		{8E7DCDE5-46DE-4BCF-8A41-AA143AD3CADF}.Debug|Any CPU.Build.0 = Debug|Any CPU
		{8E7DCDE5-46DE-4BCF-8A41-AA143AD3CADF}.Release|Any CPU.ActiveCfg = Release|Any CPU
		{8E7DCDE5-46DE-4BCF-8A41-AA143AD3CADF}.Release|Any CPU.Build.0 = Release|Any CPU
	EndGlobalSection
	GlobalSection(SolutionProperties) = preSolution
		HideSolutionNode = FALSE
	EndGlobalSection
	GlobalSection(ExtensibilityGlobals) = postSolution
		SolutionGuid = {7139A31F-0DE0-43AC-AA32-415BCB4C4976}
	EndGlobalSection
EndGlobal
